
Microsoft Visual Studio Solution File, Format Version 12.00
# Visual Studio Version 16
VisualStudioVersion = 16.0.810.18
MinimumVisualStudioVersion = 10.0.40219.1
Project("{FAE04EC0-301F-11D3-BF4B-00C04F79EFBC}") = "ConsoleUI", "ConsoleUI\ConsoleUI.csproj", "{CAC3C45B-0EAC-4636-984C-15C123CF0C17}"
EndProject
Global
	GlobalSection(SolutionConfigurationPlatforms) = preSolution
		Debug|Any CPU = Debug|Any CPU
		Release|Any CPU = Release|Any CPU
	EndGlobalSection
	GlobalSection(ProjectConfigurationPlatforms) = postSolution
		{CAC3C45B-0EAC-4636-984C-15C123CF0C17}.Debug|Any CPU.ActiveCfg = Debug|Any CPU
		{CAC3C45B-0EAC-4636-984C-15C123CF0C17}.Debug|Any CPU.Build.0 = Debug|Any CPU
		{CAC3C45B-0EAC-4636-984C-15C123CF0C17}.Release|Any CPU.ActiveCfg = Release|Any CPU
		{CAC3C45B-0EAC-4636-984C-15C123CF0C17}.Release|Any CPU.Build.0 = Release|Any CPU
	EndGlobalSection
	GlobalSection(SolutionProperties) = preSolution
		HideSolutionNode = FALSE
	EndGlobalSection
	GlobalSection(ExtensibilityGlobals) = postSolution
		SolutionGuid = {6EEC4DFE-53F6-42B7-8D47-5482F32E10BB}
	EndGlobalSection
EndGlobal
